
Microsoft Visual Studio Solution File, Format Version 12.00
# Visual Studio Version 17
VisualStudioVersion = 17.0.31919.166
MinimumVisualStudioVersion = 10.0.40219.1
Project("{9A19103F-16F7-4668-BE54-9A1E7A4F7556}") = "MusicHub.API", "MusicHub.API\MusicHub.API.csproj", "{1C4E0F3E-D1A0-424B-A553-4B9C7BC6FB94}"
EndProject
Project("{9A19103F-16F7-4668-BE54-9A1E7A4F7556}") = "MusicHub.Lib", "MusicHub.Lib\MusicHub.Lib.csproj", "{C5E79C11-90D9-40DF-AEC3-19AC5A916AC9}"
EndProject
Project("{00D1A9C2-B5F0-4AF3-8072-F6C62B433612}") = "MusicHub.DB", "MusicHub.Db\MusicHub.DB.sqlproj", "{FC499D96-B826-4C69-B856-A1679C0A64D5}"
EndProject
Project("{FAE04EC0-301F-11D3-BF4B-00C04F79EFBC}") = "MusicHub.FileIO", "MusicHub.FileIO\MusicHub.FileIO.csproj", "{75FD2991-78D3-43B8-8284-4B19A1043A3A}"
EndProject
Global
	GlobalSection(SolutionConfigurationPlatforms) = preSolution
		Debug|Any CPU = Debug|Any CPU
		Release|Any CPU = Release|Any CPU
	EndGlobalSection
	GlobalSection(ProjectConfigurationPlatforms) = postSolution
		{1C4E0F3E-D1A0-424B-A553-4B9C7BC6FB94}.Debug|Any CPU.ActiveCfg = Debug|Any CPU
		{1C4E0F3E-D1A0-424B-A553-4B9C7BC6FB94}.Debug|Any CPU.Build.0 = Debug|Any CPU
		{1C4E0F3E-D1A0-424B-A553-4B9C7BC6FB94}.Release|Any CPU.ActiveCfg = Release|Any CPU
		{1C4E0F3E-D1A0-424B-A553-4B9C7BC6FB94}.Release|Any CPU.Build.0 = Release|Any CPU
		{C5E79C11-90D9-40DF-AEC3-19AC5A916AC9}.Debug|Any CPU.ActiveCfg = Debug|Any CPU
		{C5E79C11-90D9-40DF-AEC3-19AC5A916AC9}.Debug|Any CPU.Build.0 = Debug|Any CPU
		{C5E79C11-90D9-40DF-AEC3-19AC5A916AC9}.Release|Any CPU.ActiveCfg = Release|Any CPU
		{C5E79C11-90D9-40DF-AEC3-19AC5A916AC9}.Release|Any CPU.Build.0 = Release|Any CPU
		{FC499D96-B826-4C69-B856-A1679C0A64D5}.Debug|Any CPU.ActiveCfg = Debug|Any CPU
		{FC499D96-B826-4C69-B856-A1679C0A64D5}.Debug|Any CPU.Build.0 = Debug|Any CPU
		{FC499D96-B826-4C69-B856-A1679C0A64D5}.Debug|Any CPU.Deploy.0 = Debug|Any CPU
		{FC499D96-B826-4C69-B856-A1679C0A64D5}.Release|Any CPU.ActiveCfg = Release|Any CPU
		{FC499D96-B826-4C69-B856-A1679C0A64D5}.Release|Any CPU.Build.0 = Release|Any CPU
		{FC499D96-B826-4C69-B856-A1679C0A64D5}.Release|Any CPU.Deploy.0 = Release|Any CPU
		{75FD2991-78D3-43B8-8284-4B19A1043A3A}.Debug|Any CPU.ActiveCfg = Debug|Any CPU
		{75FD2991-78D3-43B8-8284-4B19A1043A3A}.Debug|Any CPU.Build.0 = Debug|Any CPU
		{75FD2991-78D3-43B8-8284-4B19A1043A3A}.Release|Any CPU.ActiveCfg = Release|Any CPU
		{75FD2991-78D3-43B8-8284-4B19A1043A3A}.Release|Any CPU.Build.0 = Release|Any CPU
	EndGlobalSection
	GlobalSection(SolutionProperties) = preSolution
		HideSolutionNode = FALSE
	EndGlobalSection
	GlobalSection(ExtensibilityGlobals) = postSolution
		SolutionGuid = {0E3F512C-5CCD-4C2C-80F7-5C1AEA7F8450}
	EndGlobalSection
EndGlobal
