
Microsoft Visual Studio Solution File, Format Version 12.00
# Visual Studio 15
VisualStudioVersion = 15.0.26124.0
MinimumVisualStudioVersion = 15.0.26124.0
Project("{2150E333-8FDC-42A3-9474-1A3956D46DE8}") = "src", "src", "{BB5457CC-28BF-4EAC-A7F8-AA93D8DA2C21}"
EndProject
Project("{FAE04EC0-301F-11D3-BF4B-00C04F79EFBC}") = "MusicHub.Admin", "src\MusicHub.Admin\MusicHub.Admin.csproj", "{81BDBEFE-BBA5-491C-B8D6-50752E102565}"
EndProject
Project("{FAE04EC0-301F-11D3-BF4B-00C04F79EFBC}") = "MusicHub.STS.Identity", "src\MusicHub.STS.Identity\MusicHub.STS.Identity.csproj", "{A33A0BFC-AE52-4A8E-9D3E-781551BBE7B6}"
EndProject
Project("{FAE04EC0-301F-11D3-BF4B-00C04F79EFBC}") = "MusicHub.Admin.Api", "src\MusicHub.Admin.Api\MusicHub.Admin.Api.csproj", "{ED257EF4-51E2-47E4-890C-D1D7B80EC6E0}"
EndProject
Project("{FAE04EC0-301F-11D3-BF4B-00C04F79EFBC}") = "MusicHub.Admin.EntityFramework.Shared", "src\MusicHub.Admin.EntityFramework.Shared\MusicHub.Admin.EntityFramework.Shared.csproj", "{F50E5D18-57F0-42DB-A19A-B75D11DEE27E}"
EndProject
Project("{FAE04EC0-301F-11D3-BF4B-00C04F79EFBC}") = "MusicHub.Admin.EntityFramework.MySql", "src\MusicHub.Admin.EntityFramework.MySql\MusicHub.Admin.EntityFramework.MySql.csproj", "{694E05DB-DD8A-4FBD-AAC5-0FB22DFD9079}"
EndProject
Project("{FAE04EC0-301F-11D3-BF4B-00C04F79EFBC}") = "MusicHub.Admin.EntityFramework.PostgreSQL", "src\MusicHub.Admin.EntityFramework.PostgreSQL\MusicHub.Admin.EntityFramework.PostgreSQL.csproj", "{8898CDDC-E8FE-41DD-ADE4-E4BB4A94BB21}"
EndProject
Project("{FAE04EC0-301F-11D3-BF4B-00C04F79EFBC}") = "MusicHub.Admin.EntityFramework.SqlServer", "src\MusicHub.Admin.EntityFramework.SqlServer\MusicHub.Admin.EntityFramework.SqlServer.csproj", "{DC6E5076-AC7C-49D3-B7F8-FAEB85106653}"
EndProject
Project("{FAE04EC0-301F-11D3-BF4B-00C04F79EFBC}") = "MusicHub.Shared", "src\MusicHub.Shared\MusicHub.Shared.csproj", "{CD8F1F63-5CC0-4926-A607-33354DF30524}"
EndProject
Global
	GlobalSection(SolutionConfigurationPlatforms) = preSolution
		Debug|Any CPU = Debug|Any CPU
		Debug|x64 = Debug|x64
		Debug|x86 = Debug|x86
		Release|Any CPU = Release|Any CPU
		Release|x64 = Release|x64
		Release|x86 = Release|x86
	EndGlobalSection
	GlobalSection(SolutionProperties) = preSolution
		HideSolutionNode = FALSE
	EndGlobalSection
	GlobalSection(ProjectConfigurationPlatforms) = postSolution
		{81BDBEFE-BBA5-491C-B8D6-50752E102565}.Debug|Any CPU.ActiveCfg = Debug|Any CPU
		{81BDBEFE-BBA5-491C-B8D6-50752E102565}.Debug|Any CPU.Build.0 = Debug|Any CPU
		{81BDBEFE-BBA5-491C-B8D6-50752E102565}.Debug|x64.ActiveCfg = Debug|Any CPU
		{81BDBEFE-BBA5-491C-B8D6-50752E102565}.Debug|x64.Build.0 = Debug|Any CPU
		{81BDBEFE-BBA5-491C-B8D6-50752E102565}.Debug|x86.ActiveCfg = Debug|Any CPU
		{81BDBEFE-BBA5-491C-B8D6-50752E102565}.Debug|x86.Build.0 = Debug|Any CPU
		{81BDBEFE-BBA5-491C-B8D6-50752E102565}.Release|Any CPU.ActiveCfg = Release|Any CPU
		{81BDBEFE-BBA5-491C-B8D6-50752E102565}.Release|Any CPU.Build.0 = Release|Any CPU
		{81BDBEFE-BBA5-491C-B8D6-50752E102565}.Release|x64.ActiveCfg = Release|Any CPU
		{81BDBEFE-BBA5-491C-B8D6-50752E102565}.Release|x64.Build.0 = Release|Any CPU
		{81BDBEFE-BBA5-491C-B8D6-50752E102565}.Release|x86.ActiveCfg = Release|Any CPU
		{81BDBEFE-BBA5-491C-B8D6-50752E102565}.Release|x86.Build.0 = Release|Any CPU
		{A33A0BFC-AE52-4A8E-9D3E-781551BBE7B6}.Debug|Any CPU.ActiveCfg = Debug|Any CPU
		{A33A0BFC-AE52-4A8E-9D3E-781551BBE7B6}.Debug|Any CPU.Build.0 = Debug|Any CPU
		{A33A0BFC-AE52-4A8E-9D3E-781551BBE7B6}.Debug|x64.ActiveCfg = Debug|Any CPU
		{A33A0BFC-AE52-4A8E-9D3E-781551BBE7B6}.Debug|x64.Build.0 = Debug|Any CPU
		{A33A0BFC-AE52-4A8E-9D3E-781551BBE7B6}.Debug|x86.ActiveCfg = Debug|Any CPU
		{A33A0BFC-AE52-4A8E-9D3E-781551BBE7B6}.Debug|x86.Build.0 = Debug|Any CPU
		{A33A0BFC-AE52-4A8E-9D3E-781551BBE7B6}.Release|Any CPU.ActiveCfg = Release|Any CPU
		{A33A0BFC-AE52-4A8E-9D3E-781551BBE7B6}.Release|Any CPU.Build.0 = Release|Any CPU
		{A33A0BFC-AE52-4A8E-9D3E-781551BBE7B6}.Release|x64.ActiveCfg = Release|Any CPU
		{A33A0BFC-AE52-4A8E-9D3E-781551BBE7B6}.Release|x64.Build.0 = Release|Any CPU
		{A33A0BFC-AE52-4A8E-9D3E-781551BBE7B6}.Release|x86.ActiveCfg = Release|Any CPU
		{A33A0BFC-AE52-4A8E-9D3E-781551BBE7B6}.Release|x86.Build.0 = Release|Any CPU
		{ED257EF4-51E2-47E4-890C-D1D7B80EC6E0}.Debug|Any CPU.ActiveCfg = Debug|Any CPU
		{ED257EF4-51E2-47E4-890C-D1D7B80EC6E0}.Debug|Any CPU.Build.0 = Debug|Any CPU
		{ED257EF4-51E2-47E4-890C-D1D7B80EC6E0}.Debug|x64.ActiveCfg = Debug|Any CPU
		{ED257EF4-51E2-47E4-890C-D1D7B80EC6E0}.Debug|x64.Build.0 = Debug|Any CPU
		{ED257EF4-51E2-47E4-890C-D1D7B80EC6E0}.Debug|x86.ActiveCfg = Debug|Any CPU
		{ED257EF4-51E2-47E4-890C-D1D7B80EC6E0}.Debug|x86.Build.0 = Debug|Any CPU
		{ED257EF4-51E2-47E4-890C-D1D7B80EC6E0}.Release|Any CPU.ActiveCfg = Release|Any CPU
		{ED257EF4-51E2-47E4-890C-D1D7B80EC6E0}.Release|Any CPU.Build.0 = Release|Any CPU
		{ED257EF4-51E2-47E4-890C-D1D7B80EC6E0}.Release|x64.ActiveCfg = Release|Any CPU
		{ED257EF4-51E2-47E4-890C-D1D7B80EC6E0}.Release|x64.Build.0 = Release|Any CPU
		{ED257EF4-51E2-47E4-890C-D1D7B80EC6E0}.Release|x86.ActiveCfg = Release|Any CPU
		{ED257EF4-51E2-47E4-890C-D1D7B80EC6E0}.Release|x86.Build.0 = Release|Any CPU
		{F50E5D18-57F0-42DB-A19A-B75D11DEE27E}.Debug|Any CPU.ActiveCfg = Debug|Any CPU
		{F50E5D18-57F0-42DB-A19A-B75D11DEE27E}.Debug|Any CPU.Build.0 = Debug|Any CPU
		{F50E5D18-57F0-42DB-A19A-B75D11DEE27E}.Debug|x64.ActiveCfg = Debug|Any CPU
		{F50E5D18-57F0-42DB-A19A-B75D11DEE27E}.Debug|x64.Build.0 = Debug|Any CPU
		{F50E5D18-57F0-42DB-A19A-B75D11DEE27E}.Debug|x86.ActiveCfg = Debug|Any CPU
		{F50E5D18-57F0-42DB-A19A-B75D11DEE27E}.Debug|x86.Build.0 = Debug|Any CPU
		{F50E5D18-57F0-42DB-A19A-B75D11DEE27E}.Release|Any CPU.ActiveCfg = Release|Any CPU
		{F50E5D18-57F0-42DB-A19A-B75D11DEE27E}.Release|Any CPU.Build.0 = Release|Any CPU
		{F50E5D18-57F0-42DB-A19A-B75D11DEE27E}.Release|x64.ActiveCfg = Release|Any CPU
		{F50E5D18-57F0-42DB-A19A-B75D11DEE27E}.Release|x64.Build.0 = Release|Any CPU
		{F50E5D18-57F0-42DB-A19A-B75D11DEE27E}.Release|x86.ActiveCfg = Release|Any CPU
		{F50E5D18-57F0-42DB-A19A-B75D11DEE27E}.Release|x86.Build.0 = Release|Any CPU
		{694E05DB-DD8A-4FBD-AAC5-0FB22DFD9079}.Debug|Any CPU.ActiveCfg = Debug|Any CPU
		{694E05DB-DD8A-4FBD-AAC5-0FB22DFD9079}.Debug|Any CPU.Build.0 = Debug|Any CPU
		{694E05DB-DD8A-4FBD-AAC5-0FB22DFD9079}.Debug|x64.ActiveCfg = Debug|Any CPU
		{694E05DB-DD8A-4FBD-AAC5-0FB22DFD9079}.Debug|x64.Build.0 = Debug|Any CPU
		{694E05DB-DD8A-4FBD-AAC5-0FB22DFD9079}.Debug|x86.ActiveCfg = Debug|Any CPU
		{694E05DB-DD8A-4FBD-AAC5-0FB22DFD9079}.Debug|x86.Build.0 = Debug|Any CPU
		{694E05DB-DD8A-4FBD-AAC5-0FB22DFD9079}.Release|Any CPU.ActiveCfg = Release|Any CPU
		{694E05DB-DD8A-4FBD-AAC5-0FB22DFD9079}.Release|Any CPU.Build.0 = Release|Any CPU
		{694E05DB-DD8A-4FBD-AAC5-0FB22DFD9079}.Release|x64.ActiveCfg = Release|Any CPU
		{694E05DB-DD8A-4FBD-AAC5-0FB22DFD9079}.Release|x64.Build.0 = Release|Any CPU
		{694E05DB-DD8A-4FBD-AAC5-0FB22DFD9079}.Release|x86.ActiveCfg = Release|Any CPU
		{694E05DB-DD8A-4FBD-AAC5-0FB22DFD9079}.Release|x86.Build.0 = Release|Any CPU
		{8898CDDC-E8FE-41DD-ADE4-E4BB4A94BB21}.Debug|Any CPU.ActiveCfg = Debug|Any CPU
		{8898CDDC-E8FE-41DD-ADE4-E4BB4A94BB21}.Debug|Any CPU.Build.0 = Debug|Any CPU
		{8898CDDC-E8FE-41DD-ADE4-E4BB4A94BB21}.Debug|x64.ActiveCfg = Debug|Any CPU
		{8898CDDC-E8FE-41DD-ADE4-E4BB4A94BB21}.Debug|x64.Build.0 = Debug|Any CPU
		{8898CDDC-E8FE-41DD-ADE4-E4BB4A94BB21}.Debug|x86.ActiveCfg = Debug|Any CPU
		{8898CDDC-E8FE-41DD-ADE4-E4BB4A94BB21}.Debug|x86.Build.0 = Debug|Any CPU
		{8898CDDC-E8FE-41DD-ADE4-E4BB4A94BB21}.Release|Any CPU.ActiveCfg = Release|Any CPU
		{8898CDDC-E8FE-41DD-ADE4-E4BB4A94BB21}.Release|Any CPU.Build.0 = Release|Any CPU
		{8898CDDC-E8FE-41DD-ADE4-E4BB4A94BB21}.Release|x64.ActiveCfg = Release|Any CPU
		{8898CDDC-E8FE-41DD-ADE4-E4BB4A94BB21}.Release|x64.Build.0 = Release|Any CPU
		{8898CDDC-E8FE-41DD-ADE4-E4BB4A94BB21}.Release|x86.ActiveCfg = Release|Any CPU
		{8898CDDC-E8FE-41DD-ADE4-E4BB4A94BB21}.Release|x86.Build.0 = Release|Any CPU
		{DC6E5076-AC7C-49D3-B7F8-FAEB85106653}.Debug|Any CPU.ActiveCfg = Debug|Any CPU
		{DC6E5076-AC7C-49D3-B7F8-FAEB85106653}.Debug|Any CPU.Build.0 = Debug|Any CPU
		{DC6E5076-AC7C-49D3-B7F8-FAEB85106653}.Debug|x64.ActiveCfg = Debug|Any CPU
		{DC6E5076-AC7C-49D3-B7F8-FAEB85106653}.Debug|x64.Build.0 = Debug|Any CPU
		{DC6E5076-AC7C-49D3-B7F8-FAEB85106653}.Debug|x86.ActiveCfg = Debug|Any CPU
		{DC6E5076-AC7C-49D3-B7F8-FAEB85106653}.Debug|x86.Build.0 = Debug|Any CPU
		{DC6E5076-AC7C-49D3-B7F8-FAEB85106653}.Release|Any CPU.ActiveCfg = Release|Any CPU
		{DC6E5076-AC7C-49D3-B7F8-FAEB85106653}.Release|Any CPU.Build.0 = Release|Any CPU
		{DC6E5076-AC7C-49D3-B7F8-FAEB85106653}.Release|x64.ActiveCfg = Release|Any CPU
		{DC6E5076-AC7C-49D3-B7F8-FAEB85106653}.Release|x64.Build.0 = Release|Any CPU
		{DC6E5076-AC7C-49D3-B7F8-FAEB85106653}.Release|x86.ActiveCfg = Release|Any CPU
		{DC6E5076-AC7C-49D3-B7F8-FAEB85106653}.Release|x86.Build.0 = Release|Any CPU
		{CD8F1F63-5CC0-4926-A607-33354DF30524}.Debug|Any CPU.ActiveCfg = Debug|Any CPU
		{CD8F1F63-5CC0-4926-A607-33354DF30524}.Debug|Any CPU.Build.0 = Debug|Any CPU
		{CD8F1F63-5CC0-4926-A607-33354DF30524}.Debug|x64.ActiveCfg = Debug|Any CPU
		{CD8F1F63-5CC0-4926-A607-33354DF30524}.Debug|x64.Build.0 = Debug|Any CPU
		{CD8F1F63-5CC0-4926-A607-33354DF30524}.Debug|x86.ActiveCfg = Debug|Any CPU
		{CD8F1F63-5CC0-4926-A607-33354DF30524}.Debug|x86.Build.0 = Debug|Any CPU
		{CD8F1F63-5CC0-4926-A607-33354DF30524}.Release|Any CPU.ActiveCfg = Release|Any CPU
		{CD8F1F63-5CC0-4926-A607-33354DF30524}.Release|Any CPU.Build.0 = Release|Any CPU
		{CD8F1F63-5CC0-4926-A607-33354DF30524}.Release|x64.ActiveCfg = Release|Any CPU
		{CD8F1F63-5CC0-4926-A607-33354DF30524}.Release|x64.Build.0 = Release|Any CPU
		{CD8F1F63-5CC0-4926-A607-33354DF30524}.Release|x86.ActiveCfg = Release|Any CPU
		{CD8F1F63-5CC0-4926-A607-33354DF30524}.Release|x86.Build.0 = Release|Any CPU
	EndGlobalSection
	GlobalSection(NestedProjects) = preSolution
		{81BDBEFE-BBA5-491C-B8D6-50752E102565} = {BB5457CC-28BF-4EAC-A7F8-AA93D8DA2C21}
		{A33A0BFC-AE52-4A8E-9D3E-781551BBE7B6} = {BB5457CC-28BF-4EAC-A7F8-AA93D8DA2C21}
		{ED257EF4-51E2-47E4-890C-D1D7B80EC6E0} = {BB5457CC-28BF-4EAC-A7F8-AA93D8DA2C21}
		{F50E5D18-57F0-42DB-A19A-B75D11DEE27E} = {BB5457CC-28BF-4EAC-A7F8-AA93D8DA2C21}
		{694E05DB-DD8A-4FBD-AAC5-0FB22DFD9079} = {BB5457CC-28BF-4EAC-A7F8-AA93D8DA2C21}
		{8898CDDC-E8FE-41DD-ADE4-E4BB4A94BB21} = {BB5457CC-28BF-4EAC-A7F8-AA93D8DA2C21}
		{DC6E5076-AC7C-49D3-B7F8-FAEB85106653} = {BB5457CC-28BF-4EAC-A7F8-AA93D8DA2C21}
		{CD8F1F63-5CC0-4926-A607-33354DF30524} = {BB5457CC-28BF-4EAC-A7F8-AA93D8DA2C21}
	EndGlobalSection
EndGlobal
